// !$*UTF8*$!
{
	archiveVersion = 1;
	classes = {
	};
	objectVersion = 50;
	objects = {

/* Begin PBXBuildFile section */
		D5E035E0255762FE00406B88 /* AppDelegate.swift in Sources */ = {isa = PBXBuildFile; fileRef = D5E035DF255762FE00406B88 /* AppDelegate.swift */; };
		D5E035E2255762FE00406B88 /* SceneDelegate.swift in Sources */ = {isa = PBXBuildFile; fileRef = D5E035E1255762FE00406B88 /* SceneDelegate.swift */; };
		D5E035E4255762FE00406B88 /* ThunderboardMainVC.swift in Sources */ = {isa = PBXBuildFile; fileRef = D5E035E3255762FE00406B88 /* ThunderboardMainVC.swift */; };
		D5E035E7255762FE00406B88 /* Main.storyboard in Resources */ = {isa = PBXBuildFile; fileRef = D5E035E5255762FE00406B88 /* Main.storyboard */; };
		D5E035E9255762FF00406B88 /* Assets.xcassets in Resources */ = {isa = PBXBuildFile; fileRef = D5E035E8255762FF00406B88 /* Assets.xcassets */; };
		D5E035EC255762FF00406B88 /* LaunchScreen.storyboard in Resources */ = {isa = PBXBuildFile; fileRef = D5E035EA255762FF00406B88 /* LaunchScreen.storyboard */; };
		D5E035F625576F5C00406B88 /* ThunderboardDataVC.swift in Sources */ = {isa = PBXBuildFile; fileRef = D5E035F525576F5C00406B88 /* ThunderboardDataVC.swift */; };
/* End PBXBuildFile section */

/* Begin PBXFileReference section */
		D5E035DC255762FE00406B88 /* SoC_Thunderboard_Info_App.app */ = {isa = PBXFileReference; explicitFileType = wrapper.application; includeInIndex = 0; path = SoC_Thunderboard_Info_App.app; sourceTree = BUILT_PRODUCTS_DIR; };
		D5E035DF255762FE00406B88 /* AppDelegate.swift */ = {isa = PBXFileReference; lastKnownFileType = sourcecode.swift; path = AppDelegate.swift; sourceTree = "<group>"; };
		D5E035E1255762FE00406B88 /* SceneDelegate.swift */ = {isa = PBXFileReference; lastKnownFileType = sourcecode.swift; path = SceneDelegate.swift; sourceTree = "<group>"; };
		D5E035E3255762FE00406B88 /* ThunderboardMainVC.swift */ = {isa = PBXFileReference; lastKnownFileType = sourcecode.swift; path = ThunderboardMainVC.swift; sourceTree = "<group>"; };
		D5E035E6255762FE00406B88 /* Base */ = {isa = PBXFileReference; lastKnownFileType = file.storyboard; name = Base; path = Base.lproj/Main.storyboard; sourceTree = "<group>"; };
		D5E035E8255762FF00406B88 /* Assets.xcassets */ = {isa = PBXFileReference; lastKnownFileType = folder.assetcatalog; path = Assets.xcassets; sourceTree = "<group>"; };
		D5E035EB255762FF00406B88 /* Base */ = {isa = PBXFileReference; lastKnownFileType = file.storyboard; name = Base; path = Base.lproj/LaunchScreen.storyboard; sourceTree = "<group>"; };
		D5E035ED255762FF00406B88 /* Info.plist */ = {isa = PBXFileReference; lastKnownFileType = text.plist.xml; path = Info.plist; sourceTree = "<group>"; };
		D5E035F525576F5C00406B88 /* ThunderboardDataVC.swift */ = {isa = PBXFileReference; lastKnownFileType = sourcecode.swift; path = ThunderboardDataVC.swift; sourceTree = "<group>"; };
/* End PBXFileReference section */

/* Begin PBXFrameworksBuildPhase section */
		D5E035D9255762FE00406B88 /* Frameworks */ = {
			isa = PBXFrameworksBuildPhase;
			buildActionMask = 2147483647;
			files = (
			);
			runOnlyForDeploymentPostprocessing = 0;
		};
/* End PBXFrameworksBuildPhase section */

/* Begin PBXGroup section */
		D5E035D3255762FE00406B88 = {
			isa = PBXGroup;
			children = (
				D5E035DE255762FE00406B88 /* SoC_Thunderboard_Info_App */,
				D5E035DD255762FE00406B88 /* Products */,
			);
			sourceTree = "<group>";
		};
		D5E035DD255762FE00406B88 /* Products */ = {
			isa = PBXGroup;
			children = (
				D5E035DC255762FE00406B88 /* SoC_Thunderboard_Info_App.app */,
			);
			name = Products;
			sourceTree = "<group>";
		};
		D5E035DE255762FE00406B88 /* SoC_Thunderboard_Info_App */ = {
			isa = PBXGroup;
			children = (
				D5E035DF255762FE00406B88 /* AppDelegate.swift */,
				D5E035E1255762FE00406B88 /* SceneDelegate.swift */,
				D5E035E3255762FE00406B88 /* ThunderboardMainVC.swift */,
				D5E035F525576F5C00406B88 /* ThunderboardDataVC.swift */,
				D5E035E5255762FE00406B88 /* Main.storyboard */,
				D5E035E8255762FF00406B88 /* Assets.xcassets */,
				D5E035EA255762FF00406B88 /* LaunchScreen.storyboard */,
				D5E035ED255762FF00406B88 /* Info.plist */,
			);
			path = SoC_Thunderboard_Info_App;
			sourceTree = "<group>";
		};
/* End PBXGroup section */

/* Begin PBXNativeTarget section */
		D5E035DB255762FE00406B88 /* SoC_Thunderboard_Info_App */ = {
			isa = PBXNativeTarget;
			buildConfigurationList = D5E035F0255762FF00406B88 /* Build configuration list for PBXNativeTarget "SoC_Thunderboard_Info_App" */;
			buildPhases = (
				D5E035D8255762FE00406B88 /* Sources */,
				D5E035D9255762FE00406B88 /* Frameworks */,
				D5E035DA255762FE00406B88 /* Resources */,
			);
			buildRules = (
			);
			dependencies = (
			);
			name = SoC_Thunderboard_Info_App;
			productName = SoC_Thunderboard_Info_App;
			productReference = D5E035DC255762FE00406B88 /* SoC_Thunderboard_Info_App.app */;
			productType = "com.apple.product-type.application";
		};
/* End PBXNativeTarget section */

/* Begin PBXProject section */
		D5E035D4255762FE00406B88 /* Project object */ = {
			isa = PBXProject;
			attributes = {
				LastSwiftUpdateCheck = 1200;
				LastUpgradeCheck = 1200;
				TargetAttributes = {
					D5E035DB255762FE00406B88 = {
						CreatedOnToolsVersion = 12.0.1;
					};
				};
			};
			buildConfigurationList = D5E035D7255762FE00406B88 /* Build configuration list for PBXProject "SoC_Thunderboard_Info_App" */;
			compatibilityVersion = "Xcode 9.3";
			developmentRegion = en;
			hasScannedForEncodings = 0;
			knownRegions = (
				en,
				Base,
			);
			mainGroup = D5E035D3255762FE00406B88;
			productRefGroup = D5E035DD255762FE00406B88 /* Products */;
			projectDirPath = "";
			projectRoot = "";
			targets = (
				D5E035DB255762FE00406B88 /* SoC_Thunderboard_Info_App */,
			);
		};
/* End PBXProject section */

/* Begin PBXResourcesBuildPhase section */
		D5E035DA255762FE00406B88 /* Resources */ = {
			isa = PBXResourcesBuildPhase;
			buildActionMask = 2147483647;
			files = (
				D5E035EC255762FF00406B88 /* LaunchScreen.storyboard in Resources */,
				D5E035E9255762FF00406B88 /* Assets.xcassets in Resources */,
				D5E035E7255762FE00406B88 /* Main.storyboard in Resources */,
			);
			runOnlyForDeploymentPostprocessing = 0;
		};
/* End PBXResourcesBuildPhase section */

/* Begin PBXSourcesBuildPhase section */
		D5E035D8255762FE00406B88 /* Sources */ = {
			isa = PBXSourcesBuildPhase;
			buildActionMask = 2147483647;
			files = (
				D5E035F625576F5C00406B88 /* ThunderboardDataVC.swift in Sources */,
				D5E035E4255762FE00406B88 /* ThunderboardMainVC.swift in Sources */,
				D5E035E0255762FE00406B88 /* AppDelegate.swift in Sources */,
				D5E035E2255762FE00406B88 /* SceneDelegate.swift in Sources */,
			);
			runOnlyForDeploymentPostprocessing = 0;
		};
/* End PBXSourcesBuildPhase section */

/* Begin PBXVariantGroup section */
		D5E035E5255762FE00406B88 /* Main.storyboard */ = {
			isa = PBXVariantGroup;
			children = (
				D5E035E6255762FE00406B88 /* Base */,
			);
			name = Main.storyboard;
			sourceTree = "<group>";
		};
		D5E035EA255762FF00406B88 /* LaunchScreen.storyboard */ = {
			isa = PBXVariantGroup;
			children = (
				D5E035EB255762FF00406B88 /* Base */,
			);
			name = LaunchScreen.storyboard;
			sourceTree = "<group>";
		};
/* End PBXVariantGroup section */

/* Begin XCBuildConfiguration section */
		D5E035EE255762FF00406B88 /* Debug */ = {
			isa = XCBuildConfiguration;
			buildSettings = {
				ALWAYS_SEARCH_USER_PATHS = NO;
				CLANG_ANALYZER_NONNULL = YES;
				CLANG_ANALYZER_NUMBER_OBJECT_CONVERSION = YES_AGGRESSIVE;
				CLANG_CXX_LANGUAGE_STANDARD = "gnu++14";
				CLANG_CXX_LIBRARY = "libc++";
				CLANG_ENABLE_MODULES = YES;
				CLANG_ENABLE_OBJC_ARC = YES;
				CLANG_ENABLE_OBJC_WEAK = YES;
				CLANG_WARN_BLOCK_CAPTURE_AUTORELEASING = YES;
				CLANG_WARN_BOOL_CONVERSION = YES;
				CLANG_WARN_COMMA = YES;
				CLANG_WARN_CONSTANT_CONVERSION = YES;
				CLANG_WARN_DEPRECATED_OBJC_IMPLEMENTATIONS = YES;
				CLANG_WARN_DIRECT_OBJC_ISA_USAGE = YES_ERROR;
				CLANG_WARN_DOCUMENTATION_COMMENTS = YES;
				CLANG_WARN_EMPTY_BODY = YES;
				CLANG_WARN_ENUM_CONVERSION = YES;
				CLANG_WARN_INFINITE_RECURSION = YES;
				CLANG_WARN_INT_CONVERSION = YES;
				CLANG_WARN_NON_LITERAL_NULL_CONVERSION = YES;
				CLANG_WARN_OBJC_IMPLICIT_RETAIN_SELF = YES;
				CLANG_WARN_OBJC_LITERAL_CONVERSION = YES;
				CLANG_WARN_OBJC_ROOT_CLASS = YES_ERROR;
				CLANG_WARN_QUOTED_INCLUDE_IN_FRAMEWORK_HEADER = YES;
				CLANG_WARN_RANGE_LOOP_ANALYSIS = YES;
				CLANG_WARN_STRICT_PROTOTYPES = YES;
				CLANG_WARN_SUSPICIOUS_MOVE = YES;
				CLANG_WARN_UNGUARDED_AVAILABILITY = YES_AGGRESSIVE;
				CLANG_WARN_UNREACHABLE_CODE = YES;
				CLANG_WARN__DUPLICATE_METHOD_MATCH = YES;
				COPY_PHASE_STRIP = NO;
				DEBUG_INFORMATION_FORMAT = dwarf;
				ENABLE_STRICT_OBJC_MSGSEND = YES;
				ENABLE_TESTABILITY = YES;
				GCC_C_LANGUAGE_STANDARD = gnu11;
				GCC_DYNAMIC_NO_PIC = NO;
				GCC_NO_COMMON_BLOCKS = YES;
				GCC_OPTIMIZATION_LEVEL = 0;
				GCC_PREPROCESSOR_DEFINITIONS = (
					"DEBUG=1",
					"$(inherited)",
				);
				GCC_WARN_64_TO_32_BIT_CONVERSION = YES;
				GCC_WARN_ABOUT_RETURN_TYPE = YES_ERROR;
				GCC_WARN_UNDECLARED_SELECTOR = YES;
				GCC_WARN_UNINITIALIZED_AUTOS = YES_AGGRESSIVE;
				GCC_WARN_UNUSED_FUNCTION = YES;
				GCC_WARN_UNUSED_VARIABLE = YES;
				IPHONEOS_DEPLOYMENT_TARGET = 14.0;
				MTL_ENABLE_DEBUG_INFO = INCLUDE_SOURCE;
				MTL_FAST_MATH = YES;
				ONLY_ACTIVE_ARCH = YES;
				SDKROOT = iphoneos;
				SWIFT_ACTIVE_COMPILATION_CONDITIONS = DEBUG;
				SWIFT_OPTIMIZATION_LEVEL = "-Onone";
			};
			name = Debug;
		};
		D5E035EF255762FF00406B88 /* Release */ = {
			isa = XCBuildConfiguration;
			buildSettings = {
				ALWAYS_SEARCH_USER_PATHS = NO;
				CLANG_ANALYZER_NONNULL = YES;
				CLANG_ANALYZER_NUMBER_OBJECT_CONVERSION = YES_AGGRESSIVE;
				CLANG_CXX_LANGUAGE_STANDARD = "gnu++14";
				CLANG_CXX_LIBRARY = "libc++";
				CLANG_ENABLE_MODULES = YES;
				CLANG_ENABLE_OBJC_ARC = YES;
				CLANG_ENABLE_OBJC_WEAK = YES;
				CLANG_WARN_BLOCK_CAPTURE_AUTORELEASING = YES;
				CLANG_WARN_BOOL_CONVERSION = YES;
				CLANG_WARN_COMMA = YES;
				CLANG_WARN_CONSTANT_CONVERSION = YES;
				CLANG_WARN_DEPRECATED_OBJC_IMPLEMENTATIONS = YES;
				CLANG_WARN_DIRECT_OBJC_ISA_USAGE = YES_ERROR;
				CLANG_WARN_DOCUMENTATION_COMMENTS = YES;
				CLANG_WARN_EMPTY_BODY = YES;
				CLANG_WARN_ENUM_CONVERSION = YES;
				CLANG_WARN_INFINITE_RECURSION = YES;
				CLANG_WARN_INT_CONVERSION = YES;
				CLANG_WARN_NON_LITERAL_NULL_CONVERSION = YES;
				CLANG_WARN_OBJC_IMPLICIT_RETAIN_SELF = YES;
				CLANG_WARN_OBJC_LITERAL_CONVERSION = YES;
				CLANG_WARN_OBJC_ROOT_CLASS = YES_ERROR;
				CLANG_WARN_QUOTED_INCLUDE_IN_FRAMEWORK_HEADER = YES;
				CLANG_WARN_RANGE_LOOP_ANALYSIS = YES;
				CLANG_WARN_STRICT_PROTOTYPES = YES;
				CLANG_WARN_SUSPICIOUS_MOVE = YES;
				CLANG_WARN_UNGUARDED_AVAILABILITY = YES_AGGRESSIVE;
				CLANG_WARN_UNREACHABLE_CODE = YES;
				CLANG_WARN__DUPLICATE_METHOD_MATCH = YES;
				COPY_PHASE_STRIP = NO;
				DEBUG_INFORMATION_FORMAT = "dwarf-with-dsym";
				ENABLE_NS_ASSERTIONS = NO;
				ENABLE_STRICT_OBJC_MSGSEND = YES;
				GCC_C_LANGUAGE_STANDARD = gnu11;
				GCC_NO_COMMON_BLOCKS = YES;
				GCC_WARN_64_TO_32_BIT_CONVERSION = YES;
				GCC_WARN_ABOUT_RETURN_TYPE = YES_ERROR;
				GCC_WARN_UNDECLARED_SELECTOR = YES;
				GCC_WARN_UNINITIALIZED_AUTOS = YES_AGGRESSIVE;
				GCC_WARN_UNUSED_FUNCTION = YES;
				GCC_WARN_UNUSED_VARIABLE = YES;
				IPHONEOS_DEPLOYMENT_TARGET = 14.0;
				MTL_ENABLE_DEBUG_INFO = NO;
				MTL_FAST_MATH = YES;
				SDKROOT = iphoneos;
				SWIFT_COMPILATION_MODE = wholemodule;
				SWIFT_OPTIMIZATION_LEVEL = "-O";
				VALIDATE_PRODUCT = YES;
			};
			name = Release;
		};
		D5E035F1255762FF00406B88 /* Debug */ = {
			isa = XCBuildConfiguration;
			buildSettings = {
				ASSETCATALOG_COMPILER_APPICON_NAME = AppIcon;
				ASSETCATALOG_COMPILER_GLOBAL_ACCENT_COLOR_NAME = AccentColor;
				CODE_SIGN_STYLE = Automatic;
				DEVELOPMENT_TEAM = 7ARN6CQ88G;
				INFOPLIST_FILE = SoC_Thunderboard_Info_App/Info.plist;
				IPHONEOS_DEPLOYMENT_TARGET = 13.0;
				LD_RUNPATH_SEARCH_PATHS = (
					"$(inherited)",
					"@executable_path/Frameworks",
				);
				PRODUCT_BUNDLE_IDENTIFIER = "com.jackhu.SoC-Thunderboard-Info-App";
				PRODUCT_NAME = "$(TARGET_NAME)";
				SWIFT_VERSION = 5.0;
				TARGETED_DEVICE_FAMILY = "1,2";
			};
			name = Debug;
		};
		D5E035F2255762FF00406B88 /* Release */ = {
			isa = XCBuildConfiguration;
			buildSettings = {
				ASSETCATALOG_COMPILER_APPICON_NAME = AppIcon;
				ASSETCATALOG_COMPILER_GLOBAL_ACCENT_COLOR_NAME = AccentColor;
				CODE_SIGN_STYLE = Automatic;
				DEVELOPMENT_TEAM = 7ARN6CQ88G;
				INFOPLIST_FILE = SoC_Thunderboard_Info_App/Info.plist;
				IPHONEOS_DEPLOYMENT_TARGET = 13.0;
				LD_RUNPATH_SEARCH_PATHS = (
					"$(inherited)",
					"@executable_path/Frameworks",
				);
				PRODUCT_BUNDLE_IDENTIFIER = "com.jackhu.SoC-Thunderboard-Info-App";
				PRODUCT_NAME = "$(TARGET_NAME)";
				SWIFT_VERSION = 5.0;
				TARGETED_DEVICE_FAMILY = "1,2";
			};
			name = Release;
		};
/* End XCBuildConfiguration section */

/* Begin XCConfigurationList section */
		D5E035D7255762FE00406B88 /* Build configuration list for PBXProject "SoC_Thunderboard_Info_App" */ = {
			isa = XCConfigurationList;
			buildConfigurations = (
				D5E035EE255762FF00406B88 /* Debug */,
				D5E035EF255762FF00406B88 /* Release */,
			);
			defaultConfigurationIsVisible = 0;
			defaultConfigurationName = Release;
		};
		D5E035F0255762FF00406B88 /* Build configuration list for PBXNativeTarget "SoC_Thunderboard_Info_App" */ = {
			isa = XCConfigurationList;
			buildConfigurations = (
				D5E035F1255762FF00406B88 /* Debug */,
				D5E035F2255762FF00406B88 /* Release */,
			);
			defaultConfigurationIsVisible = 0;
			defaultConfigurationName = Release;
		};
/* End XCConfigurationList section */
	};
	rootObject = D5E035D4255762FE00406B88 /* Project object */;
}
