// !$*UTF8*$!
{
	archiveVersion = 1;
	classes = {
	};
	objectVersion = 51;
	objects = {

/* Begin PBXBuildFile section */
		0629FC95C9E9169B9B3D3360 /* Pods_ios_appTests.framework in Frameworks */ = {isa = PBXBuildFile; fileRef = 41326E40C079E055884563AC /* Pods_ios_appTests.framework */; };
		1C2692078A9BAF0E9A3B60ED /* Pods_ios_app_ios_appUITests.framework in Frameworks */ = {isa = PBXBuildFile; fileRef = E06666F47D0C124021149760 /* Pods_ios_app_ios_appUITests.framework */; };
		4E72334E18BD06DE592114A6 /* Pods_ios_app.framework in Frameworks */ = {isa = PBXBuildFile; fileRef = A07A34845B26BB0356F68740 /* Pods_ios_app.framework */; };
		BB3834C3256A3EF300982F72 /* MainView_CARD.swift in Sources */ = {isa = PBXBuildFile; fileRef = BB3834C2256A3EF300982F72 /* MainView_CARD.swift */; };
		BB3834C8256A3F2B00982F72 /* mainModel_CARD.swift in Sources */ = {isa = PBXBuildFile; fileRef = BB3834C7256A3F2B00982F72 /* mainModel_CARD.swift */; };
		BB3834E1256A4C7800982F72 /* CBUUIDExtensions.swift in Sources */ = {isa = PBXBuildFile; fileRef = BB3834DF256A4C7800982F72 /* CBUUIDExtensions.swift */; };
		BB3834E2256A4C7800982F72 /* bleModel.swift in Sources */ = {isa = PBXBuildFile; fileRef = BB3834E0256A4C7800982F72 /* bleModel.swift */; };
		BB3834EB256A525D00982F72 /* CoreBLE_VM.swift in Sources */ = {isa = PBXBuildFile; fileRef = BB3834EA256A525D00982F72 /* CoreBLE_VM.swift */; };
		BB383506256FB91F00982F72 /* GoogleService-Info.plist in Resources */ = {isa = PBXBuildFile; fileRef = BB383505256FB91F00982F72 /* GoogleService-Info.plist */; };
		BB38351B256FCAC300982F72 /* COVID_notify.swift in Sources */ = {isa = PBXBuildFile; fileRef = BB38351A256FCAC300982F72 /* COVID_notify.swift */; };
		BB383539257036B900982F72 /* NotificationRepository.swift in Sources */ = {isa = PBXBuildFile; fileRef = BB383538257036B900982F72 /* NotificationRepository.swift */; };
		BBE35E332567AB1C0010E38F /* AppDelegate.swift in Sources */ = {isa = PBXBuildFile; fileRef = BBE35E322567AB1C0010E38F /* AppDelegate.swift */; };
		BBE35E352567AB1C0010E38F /* SceneDelegate.swift in Sources */ = {isa = PBXBuildFile; fileRef = BBE35E342567AB1C0010E38F /* SceneDelegate.swift */; };
		BBE35E372567AB1C0010E38F /* ViewController.swift in Sources */ = {isa = PBXBuildFile; fileRef = BBE35E362567AB1C0010E38F /* ViewController.swift */; };
		BBE35E3A2567AB1C0010E38F /* Main.storyboard in Resources */ = {isa = PBXBuildFile; fileRef = BBE35E382567AB1C0010E38F /* Main.storyboard */; };
		BBE35E3C2567AB220010E38F /* Assets.xcassets in Resources */ = {isa = PBXBuildFile; fileRef = BBE35E3B2567AB220010E38F /* Assets.xcassets */; };
		BBE35E3F2567AB220010E38F /* LaunchScreen.storyboard in Resources */ = {isa = PBXBuildFile; fileRef = BBE35E3D2567AB220010E38F /* LaunchScreen.storyboard */; };
		BBE35E4A2567AB220010E38F /* ios_appTests.swift in Sources */ = {isa = PBXBuildFile; fileRef = BBE35E492567AB220010E38F /* ios_appTests.swift */; };
		BBE35E552567AB220010E38F /* ios_appUITests.swift in Sources */ = {isa = PBXBuildFile; fileRef = BBE35E542567AB220010E38F /* ios_appUITests.swift */; };
		BBE35E67256857F60010E38F /* CardViewController.swift in Sources */ = {isa = PBXBuildFile; fileRef = BBE35E65256857F60010E38F /* CardViewController.swift */; };
		BBE35E68256857F60010E38F /* CardViewController.xib in Resources */ = {isa = PBXBuildFile; fileRef = BBE35E66256857F60010E38F /* CardViewController.xib */; };
		D5201AF9256C662500AA8863 /* SelfReportViewController.swift in Sources */ = {isa = PBXBuildFile; fileRef = D5201AF8256C662500AA8863 /* SelfReportViewController.swift */; };
		D5201AFA256C662500AA8863 /* SelfReportViewController.swift in Sources */ = {isa = PBXBuildFile; fileRef = D5201AF8256C662500AA8863 /* SelfReportViewController.swift */; };
		D5201AFB256C662500AA8863 /* SelfReportViewController.swift in Sources */ = {isa = PBXBuildFile; fileRef = D5201AF8256C662500AA8863 /* SelfReportViewController.swift */; };
		D5201B00256C96B500AA8863 /* DataStore.swift in Sources */ = {isa = PBXBuildFile; fileRef = D5201AFF256C96B500AA8863 /* DataStore.swift */; };
		D5201B01256C96B500AA8863 /* DataStore.swift in Sources */ = {isa = PBXBuildFile; fileRef = D5201AFF256C96B500AA8863 /* DataStore.swift */; };
		D5201B02256C96B500AA8863 /* DataStore.swift in Sources */ = {isa = PBXBuildFile; fileRef = D5201AFF256C96B500AA8863 /* DataStore.swift */; };
		D55EF22325747F0A008817D1 /* ExposureEvent.swift in Sources */ = {isa = PBXBuildFile; fileRef = D55EF22225747F0A008817D1 /* ExposureEvent.swift */; };
		D55EF22E25748381008817D1 /* EventBusViewModel.swift in Sources */ = {isa = PBXBuildFile; fileRef = D55EF22D25748381008817D1 /* EventBusViewModel.swift */; };
		D55EF2F3257834BE008817D1 /* ExposedViewController.swift in Sources */ = {isa = PBXBuildFile; fileRef = D55EF2F2257834BE008817D1 /* ExposedViewController.swift */; };
/* End PBXBuildFile section */

/* Begin PBXContainerItemProxy section */
		BBE35E462567AB220010E38F /* PBXContainerItemProxy */ = {
			isa = PBXContainerItemProxy;
			containerPortal = BBE35E272567AB1C0010E38F /* Project object */;
			proxyType = 1;
			remoteGlobalIDString = BBE35E2E2567AB1C0010E38F;
			remoteInfo = ios_app;
		};
		BBE35E512567AB220010E38F /* PBXContainerItemProxy */ = {
			isa = PBXContainerItemProxy;
			containerPortal = BBE35E272567AB1C0010E38F /* Project object */;
			proxyType = 1;
			remoteGlobalIDString = BBE35E2E2567AB1C0010E38F;
			remoteInfo = ios_app;
		};
/* End PBXContainerItemProxy section */

/* Begin PBXFileReference section */
		0AF3F47529480689EC19FD08 /* Pods-ios_app.debug.xcconfig */ = {isa = PBXFileReference; includeInIndex = 1; lastKnownFileType = text.xcconfig; name = "Pods-ios_app.debug.xcconfig"; path = "Target Support Files/Pods-ios_app/Pods-ios_app.debug.xcconfig"; sourceTree = "<group>"; };
		24E097F3A9E27FF4C6476EAF /* Pods-ios_appTests.release.xcconfig */ = {isa = PBXFileReference; includeInIndex = 1; lastKnownFileType = text.xcconfig; name = "Pods-ios_appTests.release.xcconfig"; path = "Target Support Files/Pods-ios_appTests/Pods-ios_appTests.release.xcconfig"; sourceTree = "<group>"; };
		41326E40C079E055884563AC /* Pods_ios_appTests.framework */ = {isa = PBXFileReference; explicitFileType = wrapper.framework; includeInIndex = 0; path = Pods_ios_appTests.framework; sourceTree = BUILT_PRODUCTS_DIR; };
		78E0C73F5225E9B37D5C14B5 /* Pods-ios_app-ios_appUITests.debug.xcconfig */ = {isa = PBXFileReference; includeInIndex = 1; lastKnownFileType = text.xcconfig; name = "Pods-ios_app-ios_appUITests.debug.xcconfig"; path = "Target Support Files/Pods-ios_app-ios_appUITests/Pods-ios_app-ios_appUITests.debug.xcconfig"; sourceTree = "<group>"; };
		9715B48A1030E42126AFBBDF /* Pods-ios_app.release.xcconfig */ = {isa = PBXFileReference; includeInIndex = 1; lastKnownFileType = text.xcconfig; name = "Pods-ios_app.release.xcconfig"; path = "Target Support Files/Pods-ios_app/Pods-ios_app.release.xcconfig"; sourceTree = "<group>"; };
		A07A34845B26BB0356F68740 /* Pods_ios_app.framework */ = {isa = PBXFileReference; explicitFileType = wrapper.framework; includeInIndex = 0; path = Pods_ios_app.framework; sourceTree = BUILT_PRODUCTS_DIR; };
		B03F9A17B8E8C566345431FF /* Pods-ios_app-ios_appUITests.release.xcconfig */ = {isa = PBXFileReference; includeInIndex = 1; lastKnownFileType = text.xcconfig; name = "Pods-ios_app-ios_appUITests.release.xcconfig"; path = "Target Support Files/Pods-ios_app-ios_appUITests/Pods-ios_app-ios_appUITests.release.xcconfig"; sourceTree = "<group>"; };
		BB3834C2256A3EF300982F72 /* MainView_CARD.swift */ = {isa = PBXFileReference; lastKnownFileType = sourcecode.swift; path = MainView_CARD.swift; sourceTree = "<group>"; };
		BB3834C7256A3F2B00982F72 /* mainModel_CARD.swift */ = {isa = PBXFileReference; lastKnownFileType = sourcecode.swift; path = mainModel_CARD.swift; sourceTree = "<group>"; };
		BB3834DF256A4C7800982F72 /* CBUUIDExtensions.swift */ = {isa = PBXFileReference; fileEncoding = 4; lastKnownFileType = sourcecode.swift; path = CBUUIDExtensions.swift; sourceTree = "<group>"; };
		BB3834E0256A4C7800982F72 /* bleModel.swift */ = {isa = PBXFileReference; fileEncoding = 4; lastKnownFileType = sourcecode.swift; path = bleModel.swift; sourceTree = "<group>"; };
		BB3834EA256A525D00982F72 /* CoreBLE_VM.swift */ = {isa = PBXFileReference; lastKnownFileType = sourcecode.swift; path = CoreBLE_VM.swift; sourceTree = "<group>"; };
		BB383505256FB91F00982F72 /* GoogleService-Info.plist */ = {isa = PBXFileReference; fileEncoding = 4; lastKnownFileType = text.plist.xml; path = "GoogleService-Info.plist"; sourceTree = "<group>"; };
		BB38351A256FCAC300982F72 /* COVID_notify.swift */ = {isa = PBXFileReference; lastKnownFileType = sourcecode.swift; path = COVID_notify.swift; sourceTree = "<group>"; };
		BB383538257036B900982F72 /* NotificationRepository.swift */ = {isa = PBXFileReference; lastKnownFileType = sourcecode.swift; path = NotificationRepository.swift; sourceTree = "<group>"; };
		BBE35E2F2567AB1C0010E38F /* ios_app.app */ = {isa = PBXFileReference; explicitFileType = wrapper.application; includeInIndex = 0; path = ios_app.app; sourceTree = BUILT_PRODUCTS_DIR; };
		BBE35E322567AB1C0010E38F /* AppDelegate.swift */ = {isa = PBXFileReference; lastKnownFileType = sourcecode.swift; path = AppDelegate.swift; sourceTree = "<group>"; };
		BBE35E342567AB1C0010E38F /* SceneDelegate.swift */ = {isa = PBXFileReference; lastKnownFileType = sourcecode.swift; path = SceneDelegate.swift; sourceTree = "<group>"; };
		BBE35E362567AB1C0010E38F /* ViewController.swift */ = {isa = PBXFileReference; lastKnownFileType = sourcecode.swift; path = ViewController.swift; sourceTree = "<group>"; };
		BBE35E392567AB1C0010E38F /* Base */ = {isa = PBXFileReference; lastKnownFileType = file.storyboard; name = Base; path = Base.lproj/Main.storyboard; sourceTree = "<group>"; };
		BBE35E3B2567AB220010E38F /* Assets.xcassets */ = {isa = PBXFileReference; lastKnownFileType = folder.assetcatalog; path = Assets.xcassets; sourceTree = "<group>"; };
		BBE35E3E2567AB220010E38F /* Base */ = {isa = PBXFileReference; lastKnownFileType = file.storyboard; name = Base; path = Base.lproj/LaunchScreen.storyboard; sourceTree = "<group>"; };
		BBE35E402567AB220010E38F /* Info.plist */ = {isa = PBXFileReference; lastKnownFileType = text.plist.xml; path = Info.plist; sourceTree = "<group>"; };
		BBE35E452567AB220010E38F /* ios_appTests.xctest */ = {isa = PBXFileReference; explicitFileType = wrapper.cfbundle; includeInIndex = 0; path = ios_appTests.xctest; sourceTree = BUILT_PRODUCTS_DIR; };
		BBE35E492567AB220010E38F /* ios_appTests.swift */ = {isa = PBXFileReference; lastKnownFileType = sourcecode.swift; path = ios_appTests.swift; sourceTree = "<group>"; };
		BBE35E4B2567AB220010E38F /* Info.plist */ = {isa = PBXFileReference; lastKnownFileType = text.plist.xml; path = Info.plist; sourceTree = "<group>"; };
		BBE35E502567AB220010E38F /* ios_appUITests.xctest */ = {isa = PBXFileReference; explicitFileType = wrapper.cfbundle; includeInIndex = 0; path = ios_appUITests.xctest; sourceTree = BUILT_PRODUCTS_DIR; };
		BBE35E542567AB220010E38F /* ios_appUITests.swift */ = {isa = PBXFileReference; lastKnownFileType = sourcecode.swift; path = ios_appUITests.swift; sourceTree = "<group>"; };
		BBE35E562567AB220010E38F /* Info.plist */ = {isa = PBXFileReference; lastKnownFileType = text.plist.xml; path = Info.plist; sourceTree = "<group>"; };
		BBE35E65256857F60010E38F /* CardViewController.swift */ = {isa = PBXFileReference; lastKnownFileType = sourcecode.swift; path = CardViewController.swift; sourceTree = "<group>"; };
		BBE35E66256857F60010E38F /* CardViewController.xib */ = {isa = PBXFileReference; lastKnownFileType = file.xib; path = CardViewController.xib; sourceTree = "<group>"; };
		D5201AF8256C662500AA8863 /* SelfReportViewController.swift */ = {isa = PBXFileReference; lastKnownFileType = sourcecode.swift; path = SelfReportViewController.swift; sourceTree = "<group>"; };
		D5201AFF256C96B500AA8863 /* DataStore.swift */ = {isa = PBXFileReference; lastKnownFileType = sourcecode.swift; path = DataStore.swift; sourceTree = "<group>"; };
		D55EF22225747F0A008817D1 /* ExposureEvent.swift */ = {isa = PBXFileReference; lastKnownFileType = sourcecode.swift; path = ExposureEvent.swift; sourceTree = "<group>"; };
		D55EF22D25748381008817D1 /* EventBusViewModel.swift */ = {isa = PBXFileReference; lastKnownFileType = sourcecode.swift; path = EventBusViewModel.swift; sourceTree = "<group>"; };
		D55EF2F2257834BE008817D1 /* ExposedViewController.swift */ = {isa = PBXFileReference; lastKnownFileType = sourcecode.swift; path = ExposedViewController.swift; sourceTree = "<group>"; };
		E06666F47D0C124021149760 /* Pods_ios_app_ios_appUITests.framework */ = {isa = PBXFileReference; explicitFileType = wrapper.framework; includeInIndex = 0; path = Pods_ios_app_ios_appUITests.framework; sourceTree = BUILT_PRODUCTS_DIR; };
		E8081E4FF162CBDEE86CB0E8 /* Pods-ios_appTests.debug.xcconfig */ = {isa = PBXFileReference; includeInIndex = 1; lastKnownFileType = text.xcconfig; name = "Pods-ios_appTests.debug.xcconfig"; path = "Target Support Files/Pods-ios_appTests/Pods-ios_appTests.debug.xcconfig"; sourceTree = "<group>"; };
/* End PBXFileReference section */

/* Begin PBXFrameworksBuildPhase section */
		BBE35E2C2567AB1C0010E38F /* Frameworks */ = {
			isa = PBXFrameworksBuildPhase;
			buildActionMask = 2147483647;
			files = (
				4E72334E18BD06DE592114A6 /* Pods_ios_app.framework in Frameworks */,
			);
			runOnlyForDeploymentPostprocessing = 0;
		};
		BBE35E422567AB220010E38F /* Frameworks */ = {
			isa = PBXFrameworksBuildPhase;
			buildActionMask = 2147483647;
			files = (
				0629FC95C9E9169B9B3D3360 /* Pods_ios_appTests.framework in Frameworks */,
			);
			runOnlyForDeploymentPostprocessing = 0;
		};
		BBE35E4D2567AB220010E38F /* Frameworks */ = {
			isa = PBXFrameworksBuildPhase;
			buildActionMask = 2147483647;
			files = (
				1C2692078A9BAF0E9A3B60ED /* Pods_ios_app_ios_appUITests.framework in Frameworks */,
			);
			runOnlyForDeploymentPostprocessing = 0;
		};
/* End PBXFrameworksBuildPhase section */

/* Begin PBXGroup section */
		157183B441855CE069D6B257 /* Frameworks */ = {
			isa = PBXGroup;
			children = (
				A07A34845B26BB0356F68740 /* Pods_ios_app.framework */,
				E06666F47D0C124021149760 /* Pods_ios_app_ios_appUITests.framework */,
				41326E40C079E055884563AC /* Pods_ios_appTests.framework */,
			);
			name = Frameworks;
			sourceTree = "<group>";
		};
		38251AB3E0F1C6D52A08D9F1 /* Pods */ = {
			isa = PBXGroup;
			children = (
				0AF3F47529480689EC19FD08 /* Pods-ios_app.debug.xcconfig */,
				9715B48A1030E42126AFBBDF /* Pods-ios_app.release.xcconfig */,
				78E0C73F5225E9B37D5C14B5 /* Pods-ios_app-ios_appUITests.debug.xcconfig */,
				B03F9A17B8E8C566345431FF /* Pods-ios_app-ios_appUITests.release.xcconfig */,
				E8081E4FF162CBDEE86CB0E8 /* Pods-ios_appTests.debug.xcconfig */,
				24E097F3A9E27FF4C6476EAF /* Pods-ios_appTests.release.xcconfig */,
			);
			path = Pods;
			sourceTree = "<group>";
		};
		BB3834D7256A4B6A00982F72 /* CARD */ = {
			isa = PBXGroup;
			children = (
				BBE35E66256857F60010E38F /* CardViewController.xib */,
				BB3834C2256A3EF300982F72 /* MainView_CARD.swift */,
				BB3834C7256A3F2B00982F72 /* mainModel_CARD.swift */,
				BBE35E65256857F60010E38F /* CardViewController.swift */,
			);
			path = CARD;
			sourceTree = "<group>";
		};
		BB3834DC256A4BAD00982F72 /* Model */ = {
			isa = PBXGroup;
			children = (
				BB3834E0256A4C7800982F72 /* bleModel.swift */,
				BB38351A256FCAC300982F72 /* COVID_notify.swift */,
				BB3834DF256A4C7800982F72 /* CBUUIDExtensions.swift */,
				D5201AFF256C96B500AA8863 /* DataStore.swift */,
				D55EF22225747F0A008817D1 /* ExposureEvent.swift */,
			);
			path = Model;
			sourceTree = "<group>";
		};
		BB3834DE256A4BC800982F72 /* View */ = {
			isa = PBXGroup;
			children = (
				BBE35E362567AB1C0010E38F /* ViewController.swift */,
				D5201AF8256C662500AA8863 /* SelfReportViewController.swift */,
				D55EF2F2257834BE008817D1 /* ExposedViewController.swift */,
			);
			path = View;
			sourceTree = "<group>";
		};
		BB3834E9256A522900982F72 /* ViewModel */ = {
			isa = PBXGroup;
			children = (
				BB3834EA256A525D00982F72 /* CoreBLE_VM.swift */,
				D55EF22D25748381008817D1 /* EventBusViewModel.swift */,
			);
			path = ViewModel;
			sourceTree = "<group>";
		};
		BB3835372570369900982F72 /* Repository */ = {
			isa = PBXGroup;
			children = (
				BB383538257036B900982F72 /* NotificationRepository.swift */,
			);
			path = Repository;
			sourceTree = "<group>";
		};
		BBE35E262567AB1C0010E38F = {
			isa = PBXGroup;
			children = (
				BBE35E312567AB1C0010E38F /* ios_app */,
				BBE35E482567AB220010E38F /* ios_appTests */,
				BBE35E532567AB220010E38F /* ios_appUITests */,
				BBE35E302567AB1C0010E38F /* Products */,
				38251AB3E0F1C6D52A08D9F1 /* Pods */,
				157183B441855CE069D6B257 /* Frameworks */,
			);
			sourceTree = "<group>";
		};
		BBE35E302567AB1C0010E38F /* Products */ = {
			isa = PBXGroup;
			children = (
				BBE35E2F2567AB1C0010E38F /* ios_app.app */,
				BBE35E452567AB220010E38F /* ios_appTests.xctest */,
				BBE35E502567AB220010E38F /* ios_appUITests.xctest */,
			);
			name = Products;
			sourceTree = "<group>";
		};
		BBE35E312567AB1C0010E38F /* ios_app */ = {
			isa = PBXGroup;
			children = (
				BB3834D7256A4B6A00982F72 /* CARD */,
				BB3834DE256A4BC800982F72 /* View */,
				BB3834DC256A4BAD00982F72 /* Model */,
				BB3834E9256A522900982F72 /* ViewModel */,
				BB3835372570369900982F72 /* Repository */,
				BBE35E322567AB1C0010E38F /* AppDelegate.swift */,
				BB383505256FB91F00982F72 /* GoogleService-Info.plist */,
				BBE35E342567AB1C0010E38F /* SceneDelegate.swift */,
				BBE35E382567AB1C0010E38F /* Main.storyboard */,
				BBE35E3B2567AB220010E38F /* Assets.xcassets */,
				BBE35E3D2567AB220010E38F /* LaunchScreen.storyboard */,
				BBE35E402567AB220010E38F /* Info.plist */,
			);
			path = ios_app;
			sourceTree = "<group>";
		};
		BBE35E482567AB220010E38F /* ios_appTests */ = {
			isa = PBXGroup;
			children = (
				BBE35E492567AB220010E38F /* ios_appTests.swift */,
				BBE35E4B2567AB220010E38F /* Info.plist */,
			);
			path = ios_appTests;
			sourceTree = "<group>";
		};
		BBE35E532567AB220010E38F /* ios_appUITests */ = {
			isa = PBXGroup;
			children = (
				BBE35E542567AB220010E38F /* ios_appUITests.swift */,
				BBE35E562567AB220010E38F /* Info.plist */,
			);
			path = ios_appUITests;
			sourceTree = "<group>";
		};
/* End PBXGroup section */

/* Begin PBXNativeTarget section */
		BBE35E2E2567AB1C0010E38F /* ios_app */ = {
			isa = PBXNativeTarget;
			buildConfigurationList = BBE35E592567AB220010E38F /* Build configuration list for PBXNativeTarget "ios_app" */;
			buildPhases = (
				7819B7910A67B3EDA58B565D /* [CP] Check Pods Manifest.lock */,
				BBE35E2B2567AB1C0010E38F /* Sources */,
				BBE35E2C2567AB1C0010E38F /* Frameworks */,
				BBE35E2D2567AB1C0010E38F /* Resources */,
				2919BFB853B52FF3D9864686 /* [CP] Embed Pods Frameworks */,
				59AD6F723866B71F1F1B733C /* [CP] Copy Pods Resources */,
			);
			buildRules = (
			);
			dependencies = (
			);
			name = ios_app;
			productName = ios_app;
			productReference = BBE35E2F2567AB1C0010E38F /* ios_app.app */;
			productType = "com.apple.product-type.application";
		};
		BBE35E442567AB220010E38F /* ios_appTests */ = {
			isa = PBXNativeTarget;
			buildConfigurationList = BBE35E5C2567AB220010E38F /* Build configuration list for PBXNativeTarget "ios_appTests" */;
			buildPhases = (
				BAE2AABDF6722597294DD5C2 /* [CP] Check Pods Manifest.lock */,
				BBE35E412567AB220010E38F /* Sources */,
				BBE35E422567AB220010E38F /* Frameworks */,
				BBE35E432567AB220010E38F /* Resources */,
			);
			buildRules = (
			);
			dependencies = (
				BBE35E472567AB220010E38F /* PBXTargetDependency */,
			);
			name = ios_appTests;
			productName = ios_appTests;
			productReference = BBE35E452567AB220010E38F /* ios_appTests.xctest */;
			productType = "com.apple.product-type.bundle.unit-test";
		};
		BBE35E4F2567AB220010E38F /* ios_appUITests */ = {
			isa = PBXNativeTarget;
			buildConfigurationList = BBE35E5F2567AB220010E38F /* Build configuration list for PBXNativeTarget "ios_appUITests" */;
			buildPhases = (
				AC921BC87F6271D89709DCBA /* [CP] Check Pods Manifest.lock */,
				BBE35E4C2567AB220010E38F /* Sources */,
				BBE35E4D2567AB220010E38F /* Frameworks */,
				BBE35E4E2567AB220010E38F /* Resources */,
				9E6E264560A388B49013F19F /* [CP] Embed Pods Frameworks */,
				258BB9C2FA6CE5232E555E20 /* [CP] Copy Pods Resources */,
			);
			buildRules = (
			);
			dependencies = (
				BBE35E522567AB220010E38F /* PBXTargetDependency */,
			);
			name = ios_appUITests;
			productName = ios_appUITests;
			productReference = BBE35E502567AB220010E38F /* ios_appUITests.xctest */;
			productType = "com.apple.product-type.bundle.ui-testing";
		};
/* End PBXNativeTarget section */

/* Begin PBXProject section */
		BBE35E272567AB1C0010E38F /* Project object */ = {
			isa = PBXProject;
			attributes = {
				LastSwiftUpdateCheck = 1200;
				LastUpgradeCheck = 1200;
				TargetAttributes = {
					BBE35E2E2567AB1C0010E38F = {
						CreatedOnToolsVersion = 12.0.1;
					};
					BBE35E442567AB220010E38F = {
						CreatedOnToolsVersion = 12.0.1;
						TestTargetID = BBE35E2E2567AB1C0010E38F;
					};
					BBE35E4F2567AB220010E38F = {
						CreatedOnToolsVersion = 12.0.1;
						TestTargetID = BBE35E2E2567AB1C0010E38F;
					};
				};
			};
			buildConfigurationList = BBE35E2A2567AB1C0010E38F /* Build configuration list for PBXProject "ios_app" */;
			compatibilityVersion = "Xcode 9.3";
			developmentRegion = en;
			hasScannedForEncodings = 0;
			knownRegions = (
				en,
				Base,
			);
			mainGroup = BBE35E262567AB1C0010E38F;
			productRefGroup = BBE35E302567AB1C0010E38F /* Products */;
			projectDirPath = "";
			projectRoot = "";
			targets = (
				BBE35E2E2567AB1C0010E38F /* ios_app */,
				BBE35E442567AB220010E38F /* ios_appTests */,
				BBE35E4F2567AB220010E38F /* ios_appUITests */,
			);
		};
/* End PBXProject section */

/* Begin PBXResourcesBuildPhase section */
		BBE35E2D2567AB1C0010E38F /* Resources */ = {
			isa = PBXResourcesBuildPhase;
			buildActionMask = 2147483647;
			files = (
				BBE35E68256857F60010E38F /* CardViewController.xib in Resources */,
				BBE35E3F2567AB220010E38F /* LaunchScreen.storyboard in Resources */,
				BB383506256FB91F00982F72 /* GoogleService-Info.plist in Resources */,
				BBE35E3C2567AB220010E38F /* Assets.xcassets in Resources */,
				BBE35E3A2567AB1C0010E38F /* Main.storyboard in Resources */,
			);
			runOnlyForDeploymentPostprocessing = 0;
		};
		BBE35E432567AB220010E38F /* Resources */ = {
			isa = PBXResourcesBuildPhase;
			buildActionMask = 2147483647;
			files = (
			);
			runOnlyForDeploymentPostprocessing = 0;
		};
		BBE35E4E2567AB220010E38F /* Resources */ = {
			isa = PBXResourcesBuildPhase;
			buildActionMask = 2147483647;
			files = (
			);
			runOnlyForDeploymentPostprocessing = 0;
		};
/* End PBXResourcesBuildPhase section */

/* Begin PBXShellScriptBuildPhase section */
		258BB9C2FA6CE5232E555E20 /* [CP] Copy Pods Resources */ = {
			isa = PBXShellScriptBuildPhase;
			buildActionMask = 2147483647;
			files = (
			);
			inputFileListPaths = (
				"${PODS_ROOT}/Target Support Files/Pods-ios_app-ios_appUITests/Pods-ios_app-ios_appUITests-resources-${CONFIGURATION}-input-files.xcfilelist",
			);
			name = "[CP] Copy Pods Resources";
			outputFileListPaths = (
				"${PODS_ROOT}/Target Support Files/Pods-ios_app-ios_appUITests/Pods-ios_app-ios_appUITests-resources-${CONFIGURATION}-output-files.xcfilelist",
			);
			runOnlyForDeploymentPostprocessing = 0;
			shellPath = /bin/sh;
			shellScript = "\"${PODS_ROOT}/Target Support Files/Pods-ios_app-ios_appUITests/Pods-ios_app-ios_appUITests-resources.sh\"\n";
			showEnvVarsInLog = 0;
		};
		2919BFB853B52FF3D9864686 /* [CP] Embed Pods Frameworks */ = {
			isa = PBXShellScriptBuildPhase;
			buildActionMask = 2147483647;
			files = (
			);
			inputFileListPaths = (
				"${PODS_ROOT}/Target Support Files/Pods-ios_app/Pods-ios_app-frameworks-${CONFIGURATION}-input-files.xcfilelist",
			);
			name = "[CP] Embed Pods Frameworks";
			outputFileListPaths = (
				"${PODS_ROOT}/Target Support Files/Pods-ios_app/Pods-ios_app-frameworks-${CONFIGURATION}-output-files.xcfilelist",
			);
			runOnlyForDeploymentPostprocessing = 0;
			shellPath = /bin/sh;
			shellScript = "\"${PODS_ROOT}/Target Support Files/Pods-ios_app/Pods-ios_app-frameworks.sh\"\n";
			showEnvVarsInLog = 0;
		};
		59AD6F723866B71F1F1B733C /* [CP] Copy Pods Resources */ = {
			isa = PBXShellScriptBuildPhase;
			buildActionMask = 2147483647;
			files = (
			);
			inputFileListPaths = (
				"${PODS_ROOT}/Target Support Files/Pods-ios_app/Pods-ios_app-resources-${CONFIGURATION}-input-files.xcfilelist",
			);
			name = "[CP] Copy Pods Resources";
			outputFileListPaths = (
				"${PODS_ROOT}/Target Support Files/Pods-ios_app/Pods-ios_app-resources-${CONFIGURATION}-output-files.xcfilelist",
			);
			runOnlyForDeploymentPostprocessing = 0;
			shellPath = /bin/sh;
			shellScript = "\"${PODS_ROOT}/Target Support Files/Pods-ios_app/Pods-ios_app-resources.sh\"\n";
			showEnvVarsInLog = 0;
		};
		7819B7910A67B3EDA58B565D /* [CP] Check Pods Manifest.lock */ = {
			isa = PBXShellScriptBuildPhase;
			buildActionMask = 2147483647;
			files = (
			);
			inputFileListPaths = (
			);
			inputPaths = (
				"${PODS_PODFILE_DIR_PATH}/Podfile.lock",
				"${PODS_ROOT}/Manifest.lock",
			);
			name = "[CP] Check Pods Manifest.lock";
			outputFileListPaths = (
			);
			outputPaths = (
				"$(DERIVED_FILE_DIR)/Pods-ios_app-checkManifestLockResult.txt",
			);
			runOnlyForDeploymentPostprocessing = 0;
			shellPath = /bin/sh;
			shellScript = "diff \"${PODS_PODFILE_DIR_PATH}/Podfile.lock\" \"${PODS_ROOT}/Manifest.lock\" > /dev/null\nif [ $? != 0 ] ; then\n    # print error to STDERR\n    echo \"error: The sandbox is not in sync with the Podfile.lock. Run 'pod install' or update your CocoaPods installation.\" >&2\n    exit 1\nfi\n# This output is used by Xcode 'outputs' to avoid re-running this script phase.\necho \"SUCCESS\" > \"${SCRIPT_OUTPUT_FILE_0}\"\n";
			showEnvVarsInLog = 0;
		};
		9E6E264560A388B49013F19F /* [CP] Embed Pods Frameworks */ = {
			isa = PBXShellScriptBuildPhase;
			buildActionMask = 2147483647;
			files = (
			);
			inputFileListPaths = (
				"${PODS_ROOT}/Target Support Files/Pods-ios_app-ios_appUITests/Pods-ios_app-ios_appUITests-frameworks-${CONFIGURATION}-input-files.xcfilelist",
			);
			name = "[CP] Embed Pods Frameworks";
			outputFileListPaths = (
				"${PODS_ROOT}/Target Support Files/Pods-ios_app-ios_appUITests/Pods-ios_app-ios_appUITests-frameworks-${CONFIGURATION}-output-files.xcfilelist",
			);
			runOnlyForDeploymentPostprocessing = 0;
			shellPath = /bin/sh;
			shellScript = "\"${PODS_ROOT}/Target Support Files/Pods-ios_app-ios_appUITests/Pods-ios_app-ios_appUITests-frameworks.sh\"\n";
			showEnvVarsInLog = 0;
		};
		AC921BC87F6271D89709DCBA /* [CP] Check Pods Manifest.lock */ = {
			isa = PBXShellScriptBuildPhase;
			buildActionMask = 2147483647;
			files = (
			);
			inputFileListPaths = (
			);
			inputPaths = (
				"${PODS_PODFILE_DIR_PATH}/Podfile.lock",
				"${PODS_ROOT}/Manifest.lock",
			);
			name = "[CP] Check Pods Manifest.lock";
			outputFileListPaths = (
			);
			outputPaths = (
				"$(DERIVED_FILE_DIR)/Pods-ios_app-ios_appUITests-checkManifestLockResult.txt",
			);
			runOnlyForDeploymentPostprocessing = 0;
			shellPath = /bin/sh;
			shellScript = "diff \"${PODS_PODFILE_DIR_PATH}/Podfile.lock\" \"${PODS_ROOT}/Manifest.lock\" > /dev/null\nif [ $? != 0 ] ; then\n    # print error to STDERR\n    echo \"error: The sandbox is not in sync with the Podfile.lock. Run 'pod install' or update your CocoaPods installation.\" >&2\n    exit 1\nfi\n# This output is used by Xcode 'outputs' to avoid re-running this script phase.\necho \"SUCCESS\" > \"${SCRIPT_OUTPUT_FILE_0}\"\n";
			showEnvVarsInLog = 0;
		};
		BAE2AABDF6722597294DD5C2 /* [CP] Check Pods Manifest.lock */ = {
			isa = PBXShellScriptBuildPhase;
			buildActionMask = 2147483647;
			files = (
			);
			inputFileListPaths = (
			);
			inputPaths = (
				"${PODS_PODFILE_DIR_PATH}/Podfile.lock",
				"${PODS_ROOT}/Manifest.lock",
			);
			name = "[CP] Check Pods Manifest.lock";
			outputFileListPaths = (
			);
			outputPaths = (
				"$(DERIVED_FILE_DIR)/Pods-ios_appTests-checkManifestLockResult.txt",
			);
			runOnlyForDeploymentPostprocessing = 0;
			shellPath = /bin/sh;
			shellScript = "diff \"${PODS_PODFILE_DIR_PATH}/Podfile.lock\" \"${PODS_ROOT}/Manifest.lock\" > /dev/null\nif [ $? != 0 ] ; then\n    # print error to STDERR\n    echo \"error: The sandbox is not in sync with the Podfile.lock. Run 'pod install' or update your CocoaPods installation.\" >&2\n    exit 1\nfi\n# This output is used by Xcode 'outputs' to avoid re-running this script phase.\necho \"SUCCESS\" > \"${SCRIPT_OUTPUT_FILE_0}\"\n";
			showEnvVarsInLog = 0;
		};
/* End PBXShellScriptBuildPhase section */

/* Begin PBXSourcesBuildPhase section */
		BBE35E2B2567AB1C0010E38F /* Sources */ = {
			isa = PBXSourcesBuildPhase;
			buildActionMask = 2147483647;
			files = (
				BB383539257036B900982F72 /* NotificationRepository.swift in Sources */,
				D5201AF9256C662500AA8863 /* SelfReportViewController.swift in Sources */,
				BB3834C8256A3F2B00982F72 /* mainModel_CARD.swift in Sources */,
				BB3834C3256A3EF300982F72 /* MainView_CARD.swift in Sources */,
				BBE35E67256857F60010E38F /* CardViewController.swift in Sources */,
				D5201B00256C96B500AA8863 /* DataStore.swift in Sources */,
				BB3834EB256A525D00982F72 /* CoreBLE_VM.swift in Sources */,
				BB38351B256FCAC300982F72 /* COVID_notify.swift in Sources */,
				BBE35E372567AB1C0010E38F /* ViewController.swift in Sources */,
				D55EF22E25748381008817D1 /* EventBusViewModel.swift in Sources */,
				D55EF22325747F0A008817D1 /* ExposureEvent.swift in Sources */,
				BBE35E332567AB1C0010E38F /* AppDelegate.swift in Sources */,
				BB3834E2256A4C7800982F72 /* bleModel.swift in Sources */,
				D55EF2F3257834BE008817D1 /* ExposedViewController.swift in Sources */,
				BB3834E1256A4C7800982F72 /* CBUUIDExtensions.swift in Sources */,
				BBE35E352567AB1C0010E38F /* SceneDelegate.swift in Sources */,
			);
			runOnlyForDeploymentPostprocessing = 0;
		};
		BBE35E412567AB220010E38F /* Sources */ = {
			isa = PBXSourcesBuildPhase;
			buildActionMask = 2147483647;
			files = (
				D5201AFA256C662500AA8863 /* SelfReportViewController.swift in Sources */,
				D5201B01256C96B500AA8863 /* DataStore.swift in Sources */,
				BBE35E4A2567AB220010E38F /* ios_appTests.swift in Sources */,
			);
			runOnlyForDeploymentPostprocessing = 0;
		};
		BBE35E4C2567AB220010E38F /* Sources */ = {
			isa = PBXSourcesBuildPhase;
			buildActionMask = 2147483647;
			files = (
				D5201AFB256C662500AA8863 /* SelfReportViewController.swift in Sources */,
				D5201B02256C96B500AA8863 /* DataStore.swift in Sources */,
				BBE35E552567AB220010E38F /* ios_appUITests.swift in Sources */,
			);
			runOnlyForDeploymentPostprocessing = 0;
		};
/* End PBXSourcesBuildPhase section */

/* Begin PBXTargetDependency section */
		BBE35E472567AB220010E38F /* PBXTargetDependency */ = {
			isa = PBXTargetDependency;
			target = BBE35E2E2567AB1C0010E38F /* ios_app */;
			targetProxy = BBE35E462567AB220010E38F /* PBXContainerItemProxy */;
		};
		BBE35E522567AB220010E38F /* PBXTargetDependency */ = {
			isa = PBXTargetDependency;
			target = BBE35E2E2567AB1C0010E38F /* ios_app */;
			targetProxy = BBE35E512567AB220010E38F /* PBXContainerItemProxy */;
		};
/* End PBXTargetDependency section */

/* Begin PBXVariantGroup section */
		BBE35E382567AB1C0010E38F /* Main.storyboard */ = {
			isa = PBXVariantGroup;
			children = (
				BBE35E392567AB1C0010E38F /* Base */,
			);
			name = Main.storyboard;
			sourceTree = "<group>";
		};
		BBE35E3D2567AB220010E38F /* LaunchScreen.storyboard */ = {
			isa = PBXVariantGroup;
			children = (
				BBE35E3E2567AB220010E38F /* Base */,
			);
			name = LaunchScreen.storyboard;
			sourceTree = "<group>";
		};
/* End PBXVariantGroup section */

/* Begin XCBuildConfiguration section */
		BBE35E572567AB220010E38F /* Debug */ = {
			isa = XCBuildConfiguration;
			buildSettings = {
				ALWAYS_SEARCH_USER_PATHS = NO;
				CLANG_ANALYZER_NONNULL = YES;
				CLANG_ANALYZER_NUMBER_OBJECT_CONVERSION = YES_AGGRESSIVE;
				CLANG_CXX_LANGUAGE_STANDARD = "gnu++14";
				CLANG_CXX_LIBRARY = "libc++";
				CLANG_ENABLE_MODULES = YES;
				CLANG_ENABLE_OBJC_ARC = YES;
				CLANG_ENABLE_OBJC_WEAK = YES;
				CLANG_WARN_BLOCK_CAPTURE_AUTORELEASING = YES;
				CLANG_WARN_BOOL_CONVERSION = YES;
				CLANG_WARN_COMMA = YES;
				CLANG_WARN_CONSTANT_CONVERSION = YES;
				CLANG_WARN_DEPRECATED_OBJC_IMPLEMENTATIONS = YES;
				CLANG_WARN_DIRECT_OBJC_ISA_USAGE = YES_ERROR;
				CLANG_WARN_DOCUMENTATION_COMMENTS = YES;
				CLANG_WARN_EMPTY_BODY = YES;
				CLANG_WARN_ENUM_CONVERSION = YES;
				CLANG_WARN_INFINITE_RECURSION = YES;
				CLANG_WARN_INT_CONVERSION = YES;
				CLANG_WARN_NON_LITERAL_NULL_CONVERSION = YES;
				CLANG_WARN_OBJC_IMPLICIT_RETAIN_SELF = YES;
				CLANG_WARN_OBJC_LITERAL_CONVERSION = YES;
				CLANG_WARN_OBJC_ROOT_CLASS = YES_ERROR;
				CLANG_WARN_QUOTED_INCLUDE_IN_FRAMEWORK_HEADER = YES;
				CLANG_WARN_RANGE_LOOP_ANALYSIS = YES;
				CLANG_WARN_STRICT_PROTOTYPES = YES;
				CLANG_WARN_SUSPICIOUS_MOVE = YES;
				CLANG_WARN_UNGUARDED_AVAILABILITY = YES_AGGRESSIVE;
				CLANG_WARN_UNREACHABLE_CODE = YES;
				CLANG_WARN__DUPLICATE_METHOD_MATCH = YES;
				COPY_PHASE_STRIP = NO;
				DEBUG_INFORMATION_FORMAT = dwarf;
				ENABLE_STRICT_OBJC_MSGSEND = YES;
				ENABLE_TESTABILITY = YES;
				GCC_C_LANGUAGE_STANDARD = gnu11;
				GCC_DYNAMIC_NO_PIC = NO;
				GCC_NO_COMMON_BLOCKS = YES;
				GCC_OPTIMIZATION_LEVEL = 0;
				GCC_PREPROCESSOR_DEFINITIONS = (
					"DEBUG=1",
					"$(inherited)",
				);
				GCC_WARN_64_TO_32_BIT_CONVERSION = YES;
				GCC_WARN_ABOUT_RETURN_TYPE = YES_ERROR;
				GCC_WARN_UNDECLARED_SELECTOR = YES;
				GCC_WARN_UNINITIALIZED_AUTOS = YES_AGGRESSIVE;
				GCC_WARN_UNUSED_FUNCTION = YES;
				GCC_WARN_UNUSED_VARIABLE = YES;
				IPHONEOS_DEPLOYMENT_TARGET = 14.0;
				MTL_ENABLE_DEBUG_INFO = INCLUDE_SOURCE;
				MTL_FAST_MATH = YES;
				ONLY_ACTIVE_ARCH = YES;
				SDKROOT = iphoneos;
				SWIFT_ACTIVE_COMPILATION_CONDITIONS = DEBUG;
				SWIFT_OPTIMIZATION_LEVEL = "-Onone";
			};
			name = Debug;
		};
		BBE35E582567AB220010E38F /* Release */ = {
			isa = XCBuildConfiguration;
			buildSettings = {
				ALWAYS_SEARCH_USER_PATHS = NO;
				CLANG_ANALYZER_NONNULL = YES;
				CLANG_ANALYZER_NUMBER_OBJECT_CONVERSION = YES_AGGRESSIVE;
				CLANG_CXX_LANGUAGE_STANDARD = "gnu++14";
				CLANG_CXX_LIBRARY = "libc++";
				CLANG_ENABLE_MODULES = YES;
				CLANG_ENABLE_OBJC_ARC = YES;
				CLANG_ENABLE_OBJC_WEAK = YES;
				CLANG_WARN_BLOCK_CAPTURE_AUTORELEASING = YES;
				CLANG_WARN_BOOL_CONVERSION = YES;
				CLANG_WARN_COMMA = YES;
				CLANG_WARN_CONSTANT_CONVERSION = YES;
				CLANG_WARN_DEPRECATED_OBJC_IMPLEMENTATIONS = YES;
				CLANG_WARN_DIRECT_OBJC_ISA_USAGE = YES_ERROR;
				CLANG_WARN_DOCUMENTATION_COMMENTS = YES;
				CLANG_WARN_EMPTY_BODY = YES;
				CLANG_WARN_ENUM_CONVERSION = YES;
				CLANG_WARN_INFINITE_RECURSION = YES;
				CLANG_WARN_INT_CONVERSION = YES;
				CLANG_WARN_NON_LITERAL_NULL_CONVERSION = YES;
				CLANG_WARN_OBJC_IMPLICIT_RETAIN_SELF = YES;
				CLANG_WARN_OBJC_LITERAL_CONVERSION = YES;
				CLANG_WARN_OBJC_ROOT_CLASS = YES_ERROR;
				CLANG_WARN_QUOTED_INCLUDE_IN_FRAMEWORK_HEADER = YES;
				CLANG_WARN_RANGE_LOOP_ANALYSIS = YES;
				CLANG_WARN_STRICT_PROTOTYPES = YES;
				CLANG_WARN_SUSPICIOUS_MOVE = YES;
				CLANG_WARN_UNGUARDED_AVAILABILITY = YES_AGGRESSIVE;
				CLANG_WARN_UNREACHABLE_CODE = YES;
				CLANG_WARN__DUPLICATE_METHOD_MATCH = YES;
				COPY_PHASE_STRIP = NO;
				DEBUG_INFORMATION_FORMAT = "dwarf-with-dsym";
				ENABLE_NS_ASSERTIONS = NO;
				ENABLE_STRICT_OBJC_MSGSEND = YES;
				GCC_C_LANGUAGE_STANDARD = gnu11;
				GCC_NO_COMMON_BLOCKS = YES;
				GCC_WARN_64_TO_32_BIT_CONVERSION = YES;
				GCC_WARN_ABOUT_RETURN_TYPE = YES_ERROR;
				GCC_WARN_UNDECLARED_SELECTOR = YES;
				GCC_WARN_UNINITIALIZED_AUTOS = YES_AGGRESSIVE;
				GCC_WARN_UNUSED_FUNCTION = YES;
				GCC_WARN_UNUSED_VARIABLE = YES;
				IPHONEOS_DEPLOYMENT_TARGET = 14.0;
				MTL_ENABLE_DEBUG_INFO = NO;
				MTL_FAST_MATH = YES;
				SDKROOT = iphoneos;
				SWIFT_COMPILATION_MODE = wholemodule;
				SWIFT_OPTIMIZATION_LEVEL = "-O";
				VALIDATE_PRODUCT = YES;
			};
			name = Release;
		};
		BBE35E5A2567AB220010E38F /* Debug */ = {
			isa = XCBuildConfiguration;
			baseConfigurationReference = 0AF3F47529480689EC19FD08 /* Pods-ios_app.debug.xcconfig */;
			buildSettings = {
				ASSETCATALOG_COMPILER_APPICON_NAME = AppIcon;
				ASSETCATALOG_COMPILER_GLOBAL_ACCENT_COLOR_NAME = AccentColor;
				CODE_SIGN_IDENTITY = "Apple Development";
				CODE_SIGN_STYLE = Automatic;
				DEVELOPMENT_TEAM = 7ARN6CQ88G;
				INFOPLIST_FILE = ios_app/Info.plist;
				LD_RUNPATH_SEARCH_PATHS = (
					"$(inherited)",
					"@executable_path/Frameworks",
				);
				PRODUCT_BUNDLE_IDENTIFIER = "com.hu.ios-app";
				PRODUCT_NAME = "$(TARGET_NAME)";
				PROVISIONING_PROFILE_SPECIFIER = "";
				SWIFT_VERSION = 5.0;
				TARGETED_DEVICE_FAMILY = "1,2";
			};
			name = Debug;
		};
		BBE35E5B2567AB220010E38F /* Release */ = {
			isa = XCBuildConfiguration;
			baseConfigurationReference = 9715B48A1030E42126AFBBDF /* Pods-ios_app.release.xcconfig */;
			buildSettings = {
				ASSETCATALOG_COMPILER_APPICON_NAME = AppIcon;
				ASSETCATALOG_COMPILER_GLOBAL_ACCENT_COLOR_NAME = AccentColor;
				CODE_SIGN_IDENTITY = "Apple Development";
				CODE_SIGN_STYLE = Automatic;
				DEVELOPMENT_TEAM = 7ARN6CQ88G;
				INFOPLIST_FILE = ios_app/Info.plist;
				LD_RUNPATH_SEARCH_PATHS = (
					"$(inherited)",
					"@executable_path/Frameworks",
				);
				PRODUCT_BUNDLE_IDENTIFIER = "com.hu.ios-app";
				PRODUCT_NAME = "$(TARGET_NAME)";
				PROVISIONING_PROFILE_SPECIFIER = "";
				SWIFT_VERSION = 5.0;
				TARGETED_DEVICE_FAMILY = "1,2";
			};
			name = Release;
		};
		BBE35E5D2567AB220010E38F /* Debug */ = {
			isa = XCBuildConfiguration;
			baseConfigurationReference = E8081E4FF162CBDEE86CB0E8 /* Pods-ios_appTests.debug.xcconfig */;
			buildSettings = {
				ALWAYS_EMBED_SWIFT_STANDARD_LIBRARIES = YES;
				BUNDLE_LOADER = "$(TEST_HOST)";
				CODE_SIGN_STYLE = Automatic;
				DEVELOPMENT_TEAM = TKHAUW39G6;
				INFOPLIST_FILE = ios_appTests/Info.plist;
				IPHONEOS_DEPLOYMENT_TARGET = 14.0;
				LD_RUNPATH_SEARCH_PATHS = (
					"$(inherited)",
					"@executable_path/Frameworks",
					"@loader_path/Frameworks",
				);
				PRODUCT_BUNDLE_IDENTIFIER = "hamza.ios-appTests";
				PRODUCT_NAME = "$(TARGET_NAME)";
				SWIFT_VERSION = 5.0;
				TARGETED_DEVICE_FAMILY = "1,2";
				TEST_HOST = "$(BUILT_PRODUCTS_DIR)/ios_app.app/ios_app";
			};
			name = Debug;
		};
		BBE35E5E2567AB220010E38F /* Release */ = {
			isa = XCBuildConfiguration;
			baseConfigurationReference = 24E097F3A9E27FF4C6476EAF /* Pods-ios_appTests.release.xcconfig */;
			buildSettings = {
				ALWAYS_EMBED_SWIFT_STANDARD_LIBRARIES = YES;
				BUNDLE_LOADER = "$(TEST_HOST)";
				CODE_SIGN_STYLE = Automatic;
				DEVELOPMENT_TEAM = TKHAUW39G6;
				INFOPLIST_FILE = ios_appTests/Info.plist;
				IPHONEOS_DEPLOYMENT_TARGET = 14.0;
				LD_RUNPATH_SEARCH_PATHS = (
					"$(inherited)",
					"@executable_path/Frameworks",
					"@loader_path/Frameworks",
				);
				PRODUCT_BUNDLE_IDENTIFIER = "hamza.ios-appTests";
				PRODUCT_NAME = "$(TARGET_NAME)";
				SWIFT_VERSION = 5.0;
				TARGETED_DEVICE_FAMILY = "1,2";
				TEST_HOST = "$(BUILT_PRODUCTS_DIR)/ios_app.app/ios_app";
			};
			name = Release;
		};
		BBE35E602567AB220010E38F /* Debug */ = {
			isa = XCBuildConfiguration;
			baseConfigurationReference = 78E0C73F5225E9B37D5C14B5 /* Pods-ios_app-ios_appUITests.debug.xcconfig */;
			buildSettings = {
				ALWAYS_EMBED_SWIFT_STANDARD_LIBRARIES = YES;
				CODE_SIGN_STYLE = Automatic;
				DEVELOPMENT_TEAM = TKHAUW39G6;
				INFOPLIST_FILE = ios_appUITests/Info.plist;
				LD_RUNPATH_SEARCH_PATHS = (
					"$(inherited)",
					"@executable_path/Frameworks",
					"@loader_path/Frameworks",
				);
				PRODUCT_BUNDLE_IDENTIFIER = "hamza.ios-appUITests";
				PRODUCT_NAME = "$(TARGET_NAME)";
				SWIFT_VERSION = 5.0;
				TARGETED_DEVICE_FAMILY = "1,2";
				TEST_TARGET_NAME = ios_app;
			};
			name = Debug;
		};
		BBE35E612567AB220010E38F /* Release */ = {
			isa = XCBuildConfiguration;
			baseConfigurationReference = B03F9A17B8E8C566345431FF /* Pods-ios_app-ios_appUITests.release.xcconfig */;
			buildSettings = {
				ALWAYS_EMBED_SWIFT_STANDARD_LIBRARIES = YES;
				CODE_SIGN_STYLE = Automatic;
				DEVELOPMENT_TEAM = TKHAUW39G6;
				INFOPLIST_FILE = ios_appUITests/Info.plist;
				LD_RUNPATH_SEARCH_PATHS = (
					"$(inherited)",
					"@executable_path/Frameworks",
					"@loader_path/Frameworks",
				);
				PRODUCT_BUNDLE_IDENTIFIER = "hamza.ios-appUITests";
				PRODUCT_NAME = "$(TARGET_NAME)";
				SWIFT_VERSION = 5.0;
				TARGETED_DEVICE_FAMILY = "1,2";
				TEST_TARGET_NAME = ios_app;
			};
			name = Release;
		};
/* End XCBuildConfiguration section */

/* Begin XCConfigurationList section */
		BBE35E2A2567AB1C0010E38F /* Build configuration list for PBXProject "ios_app" */ = {
			isa = XCConfigurationList;
			buildConfigurations = (
				BBE35E572567AB220010E38F /* Debug */,
				BBE35E582567AB220010E38F /* Release */,
			);
			defaultConfigurationIsVisible = 0;
			defaultConfigurationName = Release;
		};
		BBE35E592567AB220010E38F /* Build configuration list for PBXNativeTarget "ios_app" */ = {
			isa = XCConfigurationList;
			buildConfigurations = (
				BBE35E5A2567AB220010E38F /* Debug */,
				BBE35E5B2567AB220010E38F /* Release */,
			);
			defaultConfigurationIsVisible = 0;
			defaultConfigurationName = Release;
		};
		BBE35E5C2567AB220010E38F /* Build configuration list for PBXNativeTarget "ios_appTests" */ = {
			isa = XCConfigurationList;
			buildConfigurations = (
				BBE35E5D2567AB220010E38F /* Debug */,
				BBE35E5E2567AB220010E38F /* Release */,
			);
			defaultConfigurationIsVisible = 0;
			defaultConfigurationName = Release;
		};
		BBE35E5F2567AB220010E38F /* Build configuration list for PBXNativeTarget "ios_appUITests" */ = {
			isa = XCConfigurationList;
			buildConfigurations = (
				BBE35E602567AB220010E38F /* Debug */,
				BBE35E612567AB220010E38F /* Release */,
			);
			defaultConfigurationIsVisible = 0;
			defaultConfigurationName = Release;
		};
/* End XCConfigurationList section */
	};
	rootObject = BBE35E272567AB1C0010E38F /* Project object */;
}
